
Microsoft Visual Studio Solution File, Format Version 12.00
# Visual Studio Version 16
VisualStudioVersion = 16.0.31129.286
MinimumVisualStudioVersion = 10.0.40219.1
Project("{2150E333-8FDC-42A3-9474-1A3956D46DE8}") = "Solution Items", "Solution Items", "{FE72522C-81CC-41B5-BFA1-DF2CA1B356A9}"
	ProjectSection(SolutionItems) = preProject
		.filenesting.json = .filenesting.json
	EndProjectSection
EndProject
Project("{2150E333-8FDC-42A3-9474-1A3956D46DE8}") = "src", "src", "{1D8E0CE4-6A28-4ECE-84C7-EC205CD88417}"
EndProject
Project("{2150E333-8FDC-42A3-9474-1A3956D46DE8}") = "tests", "tests", "{39883073-1EC0-4E69-8947-E294702B27B2}"
EndProject
Project("{2150E333-8FDC-42A3-9474-1A3956D46DE8}") = "ApiGateways", "ApiGateways", "{3C7F5402-CB59-4800-A466-2FB5917F8BAB}"
EndProject
Project("{2150E333-8FDC-42A3-9474-1A3956D46DE8}") = "Services", "Services", "{7C7AE4DD-8C28-43A7-B796-A0256A775FDD}"
EndProject
Project("{2150E333-8FDC-42A3-9474-1A3956D46DE8}") = "Emporium.Core", "Emporium.Core", "{906E115F-58CE-4C39-AF79-3A2488B637EB}"
EndProject
Project("{9A19103F-16F7-4668-BE54-9A1E7A4F7556}") = "Core.Api", "src\Services\Core\Core.Api\Core.Api.csproj", "{72D56772-15E6-4361-AEB6-FF2A022AD8C6}"
EndProject
Project("{9A19103F-16F7-4668-BE54-9A1E7A4F7556}") = "Core.Infrastructure", "src\Services\Core\Core.Infrastructure\Core.Infrastructure.csproj", "{A7A267C5-B032-445E-A02B-37DFE26F2758}"
EndProject
Project("{9A19103F-16F7-4668-BE54-9A1E7A4F7556}") = "Core.Domain", "src\Services\Core\Core.Domain\Core.Domain.csproj", "{6138C6A3-A768-4D5B-825F-291492BD7907}"
EndProject
Project("{9A19103F-16F7-4668-BE54-9A1E7A4F7556}") = "Core.Application", "src\Services\Core\Core.Application\Core.Application.csproj", "{176DC122-16E5-4E42-8C66-DCA6BF954176}"
EndProject
Project("{2150E333-8FDC-42A3-9474-1A3956D46DE8}") = "tests", "tests", "{25AD25ED-9D93-409A-887F-37B0E1BBDDF2}"
EndProject
Project("{2150E333-8FDC-42A3-9474-1A3956D46DE8}") = "Emporium.Product", "Emporium.Product", "{0FF68886-0370-4923-8FAF-497CD1CE62BA}"
EndProject
Project("{9A19103F-16F7-4668-BE54-9A1E7A4F7556}") = "Product.Api", "src\Services\Product\Product.Api\Product.Api.csproj", "{926205C8-4F99-456F-A9D9-B1A1B88E180F}"
EndProject
Project("{9A19103F-16F7-4668-BE54-9A1E7A4F7556}") = "Product.Application", "Product.Application\Product.Application.csproj", "{5DEFB004-623B-4C64-B17D-96D20990A45E}"
EndProject
Project("{9A19103F-16F7-4668-BE54-9A1E7A4F7556}") = "Product.Infrastructure", "Product.Infrastructure\Product.Infrastructure.csproj", "{3602190E-D944-45F4-B7FC-CAE003EFB248}"
EndProject
Project("{2150E333-8FDC-42A3-9474-1A3956D46DE8}") = "BuildingBlocks", "BuildingBlocks", "{624E1C4A-62BD-4A35-A10F-278F537B72F6}"
EndProject
Project("{FAE04EC0-301F-11D3-BF4B-00C04F79EFBC}") = "Common.Logging", "BuildingBlocks\Common.Logging\Common.Logging.csproj", "{FB38DDD5-8B07-4AA9-913A-4332C5DEE111}"
EndProject
Global
	GlobalSection(SolutionConfigurationPlatforms) = preSolution
		Debug|Any CPU = Debug|Any CPU
		Release|Any CPU = Release|Any CPU
	EndGlobalSection
	GlobalSection(ProjectConfigurationPlatforms) = postSolution
		{72D56772-15E6-4361-AEB6-FF2A022AD8C6}.Debug|Any CPU.ActiveCfg = Debug|Any CPU
		{72D56772-15E6-4361-AEB6-FF2A022AD8C6}.Debug|Any CPU.Build.0 = Debug|Any CPU
		{72D56772-15E6-4361-AEB6-FF2A022AD8C6}.Release|Any CPU.ActiveCfg = Release|Any CPU
		{72D56772-15E6-4361-AEB6-FF2A022AD8C6}.Release|Any CPU.Build.0 = Release|Any CPU
		{A7A267C5-B032-445E-A02B-37DFE26F2758}.Debug|Any CPU.ActiveCfg = Debug|Any CPU
		{A7A267C5-B032-445E-A02B-37DFE26F2758}.Debug|Any CPU.Build.0 = Debug|Any CPU
		{A7A267C5-B032-445E-A02B-37DFE26F2758}.Release|Any CPU.ActiveCfg = Release|Any CPU
		{A7A267C5-B032-445E-A02B-37DFE26F2758}.Release|Any CPU.Build.0 = Release|Any CPU
		{6138C6A3-A768-4D5B-825F-291492BD7907}.Debug|Any CPU.ActiveCfg = Debug|Any CPU
		{6138C6A3-A768-4D5B-825F-291492BD7907}.Debug|Any CPU.Build.0 = Debug|Any CPU
		{6138C6A3-A768-4D5B-825F-291492BD7907}.Release|Any CPU.ActiveCfg = Release|Any CPU
		{6138C6A3-A768-4D5B-825F-291492BD7907}.Release|Any CPU.Build.0 = Release|Any CPU
		{176DC122-16E5-4E42-8C66-DCA6BF954176}.Debug|Any CPU.ActiveCfg = Debug|Any CPU
		{176DC122-16E5-4E42-8C66-DCA6BF954176}.Debug|Any CPU.Build.0 = Debug|Any CPU
		{176DC122-16E5-4E42-8C66-DCA6BF954176}.Release|Any CPU.ActiveCfg = Release|Any CPU
		{176DC122-16E5-4E42-8C66-DCA6BF954176}.Release|Any CPU.Build.0 = Release|Any CPU
		{926205C8-4F99-456F-A9D9-B1A1B88E180F}.Debug|Any CPU.ActiveCfg = Debug|Any CPU
		{926205C8-4F99-456F-A9D9-B1A1B88E180F}.Debug|Any CPU.Build.0 = Debug|Any CPU
		{926205C8-4F99-456F-A9D9-B1A1B88E180F}.Release|Any CPU.ActiveCfg = Release|Any CPU
		{926205C8-4F99-456F-A9D9-B1A1B88E180F}.Release|Any CPU.Build.0 = Release|Any CPU
		{5DEFB004-623B-4C64-B17D-96D20990A45E}.Debug|Any CPU.ActiveCfg = Debug|Any CPU
		{5DEFB004-623B-4C64-B17D-96D20990A45E}.Debug|Any CPU.Build.0 = Debug|Any CPU
		{5DEFB004-623B-4C64-B17D-96D20990A45E}.Release|Any CPU.ActiveCfg = Release|Any CPU
		{5DEFB004-623B-4C64-B17D-96D20990A45E}.Release|Any CPU.Build.0 = Release|Any CPU
		{3602190E-D944-45F4-B7FC-CAE003EFB248}.Debug|Any CPU.ActiveCfg = Debug|Any CPU
		{3602190E-D944-45F4-B7FC-CAE003EFB248}.Debug|Any CPU.Build.0 = Debug|Any CPU
		{3602190E-D944-45F4-B7FC-CAE003EFB248}.Release|Any CPU.ActiveCfg = Release|Any CPU
		{3602190E-D944-45F4-B7FC-CAE003EFB248}.Release|Any CPU.Build.0 = Release|Any CPU
		{FB38DDD5-8B07-4AA9-913A-4332C5DEE111}.Debug|Any CPU.ActiveCfg = Debug|Any CPU
		{FB38DDD5-8B07-4AA9-913A-4332C5DEE111}.Debug|Any CPU.Build.0 = Debug|Any CPU
		{FB38DDD5-8B07-4AA9-913A-4332C5DEE111}.Release|Any CPU.ActiveCfg = Release|Any CPU
		{FB38DDD5-8B07-4AA9-913A-4332C5DEE111}.Release|Any CPU.Build.0 = Release|Any CPU
	EndGlobalSection
	GlobalSection(SolutionProperties) = preSolution
		HideSolutionNode = FALSE
	EndGlobalSection
	GlobalSection(NestedProjects) = preSolution
		{3C7F5402-CB59-4800-A466-2FB5917F8BAB} = {1D8E0CE4-6A28-4ECE-84C7-EC205CD88417}
		{7C7AE4DD-8C28-43A7-B796-A0256A775FDD} = {1D8E0CE4-6A28-4ECE-84C7-EC205CD88417}
		{906E115F-58CE-4C39-AF79-3A2488B637EB} = {7C7AE4DD-8C28-43A7-B796-A0256A775FDD}
		{72D56772-15E6-4361-AEB6-FF2A022AD8C6} = {906E115F-58CE-4C39-AF79-3A2488B637EB}
		{A7A267C5-B032-445E-A02B-37DFE26F2758} = {906E115F-58CE-4C39-AF79-3A2488B637EB}
		{6138C6A3-A768-4D5B-825F-291492BD7907} = {906E115F-58CE-4C39-AF79-3A2488B637EB}
		{176DC122-16E5-4E42-8C66-DCA6BF954176} = {906E115F-58CE-4C39-AF79-3A2488B637EB}
		{25AD25ED-9D93-409A-887F-37B0E1BBDDF2} = {906E115F-58CE-4C39-AF79-3A2488B637EB}
		{0FF68886-0370-4923-8FAF-497CD1CE62BA} = {7C7AE4DD-8C28-43A7-B796-A0256A775FDD}
		{926205C8-4F99-456F-A9D9-B1A1B88E180F} = {0FF68886-0370-4923-8FAF-497CD1CE62BA}
		{5DEFB004-623B-4C64-B17D-96D20990A45E} = {0FF68886-0370-4923-8FAF-497CD1CE62BA}
		{3602190E-D944-45F4-B7FC-CAE003EFB248} = {0FF68886-0370-4923-8FAF-497CD1CE62BA}
		{FB38DDD5-8B07-4AA9-913A-4332C5DEE111} = {624E1C4A-62BD-4A35-A10F-278F537B72F6}
	EndGlobalSection
	GlobalSection(ExtensibilityGlobals) = postSolution
		SolutionGuid = {EF82F59D-7A89-458F-828A-E185F1A42609}
	EndGlobalSection
EndGlobal
